{
  "requires": true,
  "lockfileVersion": 1,
  "dependencies": {
    "angular": {
      "version": "1.7.7",
      "resolved": "https://registry.npmjs.org/angular/-/angular-1.7.7.tgz",
      "integrity": "sha512-MH3JEGd8y/EkNCKJ8EV6Ch0j9X0rZTta/QVIDpBWaIdfh85/e5KO8+ZKgvWIb02MQuiS20pDFmMFlv4ZaLcLWg=="
    },
    "angular-animate": {
      "version": "1.7.7",
      "resolved": "https://registry.npmjs.org/angular-animate/-/angular-animate-1.7.7.tgz",
      "integrity": "sha512-KLbU9gtgCyNSaMZKnNe9Yi6UTlDMN2EWyokQ06TG5fbDWOePm+kv2xqeUg1S2h+ZLjK0NnoVDIvwDhVQ+AWAag==",
      "optional": true
    },
    "angularjs-bootstrap": {
      "version": "1.1.5",
      "resolved": "https://registry.npmjs.org/angularjs-bootstrap/-/angularjs-bootstrap-1.1.5.tgz",
      "integrity": "sha512-Zec+U7ePuO1T49GOTpdaImGRJpfCpWwLsO9tc5Fv7Zzil/GrWVPYuzZekKvgRk6Zqu3CIrNINRhZmsE47avkEg==",
      "requires": {
        "angular": "^1.7.4",
        "angular-animate": "^1.7.4",
        "bootstrap": "^3.3.7"
      }
    },
    "bootstrap": {
      "version": "3.4.0",
      "resolved": "https://registry.npmjs.org/bootstrap/-/bootstrap-3.4.0.tgz",
      "integrity": "sha512-F1yTDO9OHKH0xjl03DsOe8Nu1OWBIeAugGMhy3UTIYDdbbIPesQIhCEbj+HEr6wqlwweGAlP8F3OBC6kEuhFuw=="
    }
  }
}
